
Microsoft Visual Studio Solution File, Format Version 12.00
# Visual Studio 2013
VisualStudioVersion = 12.0.31101.0
MinimumVisualStudioVersion = 10.0.40219.1
Project("{FAE04EC0-301F-11D3-BF4B-00C04F79EFBC}") = "HW5_daveyV2", "HW5_daveyV2\HW5_daveyV2.csproj", "{3A0A6396-B071-484A-914C-E4AA824FB5FF}"
EndProject
Global
	GlobalSection(SolutionConfigurationPlatforms) = preSolution
		Debug|Any CPU = Debug|Any CPU
		Release|Any CPU = Release|Any CPU
	EndGlobalSection
	GlobalSection(ProjectConfigurationPlatforms) = postSolution
		{3A0A6396-B071-484A-914C-E4AA824FB5FF}.Debug|Any CPU.ActiveCfg = Debug|Any CPU
		{3A0A6396-B071-484A-914C-E4AA824FB5FF}.Debug|Any CPU.Build.0 = Debug|Any CPU
		{3A0A6396-B071-484A-914C-E4AA824FB5FF}.Release|Any CPU.ActiveCfg = Release|Any CPU
		{3A0A6396-B071-484A-914C-E4AA824FB5FF}.Release|Any CPU.Build.0 = Release|Any CPU
	EndGlobalSection
	GlobalSection(SolutionProperties) = preSolution
		HideSolutionNode = FALSE
	EndGlobalSection
EndGlobal
