
Microsoft Visual Studio Solution File, Format Version 12.00
# Visual Studio 2013
VisualStudioVersion = 12.0.30501.0
MinimumVisualStudioVersion = 10.0.40219.1
Project("{FAE04EC0-301F-11D3-BF4B-00C04F79EFBC}") = "Homework2 - WFA Hello World", "Homework2 - WFA Hello World\Homework2 - WFA Hello World.csproj", "{18D7F1E1-F498-4F5C-BCA5-69B5C371B181}"
EndProject
Global
	GlobalSection(SolutionConfigurationPlatforms) = preSolution
		Debug|Any CPU = Debug|Any CPU
		Release|Any CPU = Release|Any CPU
	EndGlobalSection
	GlobalSection(ProjectConfigurationPlatforms) = postSolution
		{18D7F1E1-F498-4F5C-BCA5-69B5C371B181}.Debug|Any CPU.ActiveCfg = Debug|Any CPU
		{18D7F1E1-F498-4F5C-BCA5-69B5C371B181}.Debug|Any CPU.Build.0 = Debug|Any CPU
		{18D7F1E1-F498-4F5C-BCA5-69B5C371B181}.Release|Any CPU.ActiveCfg = Release|Any CPU
		{18D7F1E1-F498-4F5C-BCA5-69B5C371B181}.Release|Any CPU.Build.0 = Release|Any CPU
	EndGlobalSection
	GlobalSection(SolutionProperties) = preSolution
		HideSolutionNode = FALSE
	EndGlobalSection
EndGlobal
