
Microsoft Visual Studio Solution File, Format Version 12.00
# Visual Studio 2013
VisualStudioVersion = 12.0.30723.0
MinimumVisualStudioVersion = 10.0.40219.1
Project("{FAE04EC0-301F-11D3-BF4B-00C04F79EFBC}") = "programming-project-i", "programming-project-i.csproj", "{11B17EFA-4874-42C2-97F5-EFB0421F73C0}"
EndProject
Project("{FAE04EC0-301F-11D3-BF4B-00C04F79EFBC}") = "common", "common\common.csproj", "{D7868423-0F9E-4CA9-A1A5-55E300D76C8B}"
EndProject
Global
	GlobalSection(SolutionConfigurationPlatforms) = preSolution
		Debug|Any CPU = Debug|Any CPU
		Release|Any CPU = Release|Any CPU
	EndGlobalSection
	GlobalSection(ProjectConfigurationPlatforms) = postSolution
		{11B17EFA-4874-42C2-97F5-EFB0421F73C0}.Debug|Any CPU.ActiveCfg = Debug|Any CPU
		{11B17EFA-4874-42C2-97F5-EFB0421F73C0}.Debug|Any CPU.Build.0 = Debug|Any CPU
		{11B17EFA-4874-42C2-97F5-EFB0421F73C0}.Release|Any CPU.ActiveCfg = Release|Any CPU
		{11B17EFA-4874-42C2-97F5-EFB0421F73C0}.Release|Any CPU.Build.0 = Release|Any CPU
		{D7868423-0F9E-4CA9-A1A5-55E300D76C8B}.Debug|Any CPU.ActiveCfg = Debug|Any CPU
		{D7868423-0F9E-4CA9-A1A5-55E300D76C8B}.Debug|Any CPU.Build.0 = Debug|Any CPU
		{D7868423-0F9E-4CA9-A1A5-55E300D76C8B}.Release|Any CPU.ActiveCfg = Release|Any CPU
		{D7868423-0F9E-4CA9-A1A5-55E300D76C8B}.Release|Any CPU.Build.0 = Release|Any CPU
	EndGlobalSection
	GlobalSection(SolutionProperties) = preSolution
		HideSolutionNode = FALSE
	EndGlobalSection
EndGlobal
